Microsoft Visual Studio Solution File, Format Version 12.00
# Visual Studio Version 17
VisualStudioVersion = 17.5.2.0
MinimumVisualStudioVersion = 10.0.40219.1
Project("{FAE04EC0-301F-11D3-BF4B-00C04F79EFBC}") = "exemplo02", "exemplo02.csproj", "{1C5BBC5C-B768-2AE7-26D4-5F20FA3F940F}"
EndProject
Global
	GlobalSection(SolutionConfigurationPlatforms) = preSolution
		Debug|Any CPU = Debug|Any CPU
		Release|Any CPU = Release|Any CPU
	EndGlobalSection
	GlobalSection(ProjectConfigurationPlatforms) = postSolution
		{1C5BBC5C-B768-2AE7-26D4-5F20FA3F940F}.Debug|Any CPU.ActiveCfg = Debug|Any CPU
		{1C5BBC5C-B768-2AE7-26D4-5F20FA3F940F}.Debug|Any CPU.Build.0 = Debug|Any CPU
		{1C5BBC5C-B768-2AE7-26D4-5F20FA3F940F}.Release|Any CPU.ActiveCfg = Release|Any CPU
		{1C5BBC5C-B768-2AE7-26D4-5F20FA3F940F}.Release|Any CPU.Build.0 = Release|Any CPU
	EndGlobalSection
	GlobalSection(SolutionProperties) = preSolution
		HideSolutionNode = FALSE
	EndGlobalSection
	GlobalSection(ExtensibilityGlobals) = postSolution
		SolutionGuid = {02428510-7F4D-45C0-96F6-EE295401F88B}
	EndGlobalSection
EndGlobal
